
Microsoft Visual Studio Solution File, Format Version 12.00
# Visual Studio Version 17
VisualStudioVersion = 17.4.33213.308
MinimumVisualStudioVersion = 10.0.40219.1
Project("{FAE04EC0-301F-11D3-BF4B-00C04F79EFBC}") = "WSConvertisseur", "WSConvertisseur\WSConvertisseur.csproj", "{A9F3EF8B-7871-49E2-A79E-2D31DD13EB80}"
EndProject
Global
	GlobalSection(SolutionConfigurationPlatforms) = preSolution
		Debug|Any CPU = Debug|Any CPU
		Release|Any CPU = Release|Any CPU
	EndGlobalSection
	GlobalSection(ProjectConfigurationPlatforms) = postSolution
		{A9F3EF8B-7871-49E2-A79E-2D31DD13EB80}.Debug|Any CPU.ActiveCfg = Debug|Any CPU
		{A9F3EF8B-7871-49E2-A79E-2D31DD13EB80}.Debug|Any CPU.Build.0 = Debug|Any CPU
		{A9F3EF8B-7871-49E2-A79E-2D31DD13EB80}.Release|Any CPU.ActiveCfg = Release|Any CPU
		{A9F3EF8B-7871-49E2-A79E-2D31DD13EB80}.Release|Any CPU.Build.0 = Release|Any CPU
	EndGlobalSection
	GlobalSection(SolutionProperties) = preSolution
		HideSolutionNode = FALSE
	EndGlobalSection
	GlobalSection(ExtensibilityGlobals) = postSolution
		SolutionGuid = {DDD88BE0-AC1E-45F8-AC3B-04C877BA53C2}
	EndGlobalSection
EndGlobal
